// !$*UTF8*$!
{
	archiveVersion = 1;
	classes = {
	};
	objectVersion = 46;
	objects = {

/* Begin PBXBuildFile section */
		747964B81D7013590007D434 /* GATFingerprint.h in CopyFiles */ = {isa = PBXBuildFile; fileRef = 747964B71D7013590007D434 /* GATFingerprint.h */; };
		747964BA1D7013590007D434 /* GATFingerprint.m in Sources */ = {isa = PBXBuildFile; fileRef = 747964B91D7013590007D434 /* GATFingerprint.m */; };
/* End PBXBuildFile section */

/* Begin PBXCopyFilesBuildPhase section */
		747964B21D7013590007D434 /* CopyFiles */ = {
			isa = PBXCopyFilesBuildPhase;
			buildActionMask = 2147483647;
			dstPath = "include/$(PRODUCT_NAME)";
			dstSubfolderSpec = 16;
			files = (
				747964B81D7013590007D434 /* GATFingerprint.h in CopyFiles */,
			);
			runOnlyForDeploymentPostprocessing = 0;
		};
/* End PBXCopyFilesBuildPhase section */

/* Begin PBXFileReference section */
		747964B41D7013590007D434 /* libGATFingerprint.a */ = {isa = PBXFileReference; explicitFileType = archive.ar; includeInIndex = 0; path = libGATFingerprint.a; sourceTree = BUILT_PRODUCTS_DIR; };
		747964B71D7013590007D434 /* GATFingerprint.h */ = {isa = PBXFileReference; lastKnownFileType = sourcecode.c.h; path = GATFingerprint.h; sourceTree = "<group>"; };
		747964B91D7013590007D434 /* GATFingerprint.m */ = {isa = PBXFileReference; lastKnownFileType = sourcecode.c.objc; path = GATFingerprint.m; sourceTree = "<group>"; };
/* End PBXFileReference section */

/* Begin PBXFrameworksBuildPhase section */
		747964B11D7013590007D434 /* Frameworks */ = {
			isa = PBXFrameworksBuildPhase;
			buildActionMask = 2147483647;
			files = (
			);
			runOnlyForDeploymentPostprocessing = 0;
		};
/* End PBXFrameworksBuildPhase section */

/* Begin PBXGroup section */
		747964AB1D7013590007D434 = {
			isa = PBXGroup;
			children = (
				747964B61D7013590007D434 /* GATFingerprint */,
				747964B51D7013590007D434 /* Products */,
			);
			sourceTree = "<group>";
		};
		747964B51D7013590007D434 /* Products */ = {
			isa = PBXGroup;
			children = (
				747964B41D7013590007D434 /* libGATFingerprint.a */,
			);
			name = Products;
			sourceTree = "<group>";
		};
		747964B61D7013590007D434 /* GATFingerprint */ = {
			isa = PBXGroup;
			children = (
				747964B71D7013590007D434 /* GATFingerprint.h */,
				747964B91D7013590007D434 /* GATFingerprint.m */,
			);
			path = GATFingerprint;
			sourceTree = "<group>";
		};
/* End PBXGroup section */

/* Begin PBXNativeTarget section */
		747964B31D7013590007D434 /* GATFingerprint */ = {
			isa = PBXNativeTarget;
			buildConfigurationList = 747964BD1D7013590007D434 /* Build configuration list for PBXNativeTarget "GATFingerprint" */;
			buildPhases = (
				747964B01D7013590007D434 /* Sources */,
				747964B11D7013590007D434 /* Frameworks */,
				747964B21D7013590007D434 /* CopyFiles */,
			);
			buildRules = (
			);
			dependencies = (
			);
			name = GATFingerprint;
			productName = GATFingerprint;
			productReference = 747964B41D7013590007D434 /* libGATFingerprint.a */;
			productType = "com.apple.product-type.library.static";
		};
/* End PBXNativeTarget section */

/* Begin PBXProject section */
		747964AC1D7013590007D434 /* Project object */ = {
			isa = PBXProject;
			attributes = {
				LastUpgradeCheck = 0730;
				ORGANIZATIONNAME = www.guanaitong.com;
				TargetAttributes = {
					747964B31D7013590007D434 = {
						CreatedOnToolsVersion = 7.3.1;
					};
				};
			};
			buildConfigurationList = 747964AF1D7013590007D434 /* Build configuration list for PBXProject "GATFingerprint" */;
			compatibilityVersion = "Xcode 3.2";
			developmentRegion = English;
			hasScannedForEncodings = 0;
			knownRegions = (
				en,
			);
			mainGroup = 747964AB1D7013590007D434;
			productRefGroup = 747964B51D7013590007D434 /* Products */;
			projectDirPath = "";
			projectRoot = "";
			targets = (
				747964B31D7013590007D434 /* GATFingerprint */,
			);
		};
/* End PBXProject section */

/* Begin PBXSourcesBuildPhase section */
		747964B01D7013590007D434 /* Sources */ = {
			isa = PBXSourcesBuildPhase;
			buildActionMask = 2147483647;
			files = (
				747964BA1D7013590007D434 /* GATFingerprint.m in Sources */,
			);
			runOnlyForDeploymentPostprocessing = 0;
		};
/* End PBXSourcesBuildPhase section */

/* Begin XCBuildConfiguration section */
		747964BB1D7013590007D434 /* Debug */ = {
			isa = XCBuildConfiguration;
			buildSettings = {
				ALWAYS_SEARCH_USER_PATHS = NO;
				CLANG_ANALYZER_NONNULL = YES;
				CLANG_CXX_LANGUAGE_STANDARD = "gnu++0x";
				CLANG_CXX_LIBRARY = "libc++";
				CLANG_ENABLE_MODULES = YES;
				CLANG_ENABLE_OBJC_ARC = YES;
				CLANG_WARN_BOOL_CONVERSION = YES;
				CLANG_WARN_CONSTANT_CONVERSION = YES;
				CLANG_WARN_DIRECT_OBJC_ISA_USAGE = YES_ERROR;
				CLANG_WARN_EMPTY_BODY = YES;
				CLANG_WARN_ENUM_CONVERSION = YES;
				CLANG_WARN_INT_CONVERSION = YES;
				CLANG_WARN_OBJC_ROOT_CLASS = YES_ERROR;
				CLANG_WARN_UNREACHABLE_CODE = YES;
				CLANG_WARN__DUPLICATE_METHOD_MATCH = YES;
				"CODE_SIGN_IDENTITY[sdk=iphoneos*]" = "iPhone Developer";
				COPY_PHASE_STRIP = NO;
				DEBUG_INFORMATION_FORMAT = dwarf;
				ENABLE_STRICT_OBJC_MSGSEND = YES;
				ENABLE_TESTABILITY = YES;
				GCC_C_LANGUAGE_STANDARD = gnu99;
				GCC_DYNAMIC_NO_PIC = NO;
				GCC_NO_COMMON_BLOCKS = YES;
				GCC_OPTIMIZATION_LEVEL = 0;
				GCC_PREPROCESSOR_DEFINITIONS = (
					"DEBUG=1",
					"$(inherited)",
				);
				GCC_WARN_64_TO_32_BIT_CONVERSION = YES;
				GCC_WARN_ABOUT_RETURN_TYPE = YES_ERROR;
				GCC_WARN_UNDECLARED_SELECTOR = YES;
				GCC_WARN_UNINITIALIZED_AUTOS = YES_AGGRESSIVE;
				GCC_WARN_UNUSED_FUNCTION = YES;
				GCC_WARN_UNUSED_VARIABLE = YES;
				IPHONEOS_DEPLOYMENT_TARGET = 9.3;
				MTL_ENABLE_DEBUG_INFO = YES;
				ONLY_ACTIVE_ARCH = YES;
				SDKROOT = iphoneos;
			};
			name = Debug;
		};
		747964BC1D7013590007D434 /* Release */ = {
			isa = XCBuildConfiguration;
			buildSettings = {
				ALWAYS_SEARCH_USER_PATHS = NO;
				CLANG_ANALYZER_NONNULL = YES;
				CLANG_CXX_LANGUAGE_STANDARD = "gnu++0x";
				CLANG_CXX_LIBRARY = "libc++";
				CLANG_ENABLE_MODULES = YES;
				CLANG_ENABLE_OBJC_ARC = YES;
				CLANG_WARN_BOOL_CONVERSION = YES;
				CLANG_WARN_CONSTANT_CONVERSION = YES;
				CLANG_WARN_DIRECT_OBJC_ISA_USAGE = YES_ERROR;
				CLANG_WARN_EMPTY_BODY = YES;
				CLANG_WARN_ENUM_CONVERSION = YES;
				CLANG_WARN_INT_CONVERSION = YES;
				CLANG_WARN_OBJC_ROOT_CLASS = YES_ERROR;
				CLANG_WARN_UNREACHABLE_CODE = YES;
				CLANG_WARN__DUPLICATE_METHOD_MATCH = YES;
				"CODE_SIGN_IDENTITY[sdk=iphoneos*]" = "iPhone Developer";
				COPY_PHASE_STRIP = NO;
				DEBUG_INFORMATION_FORMAT = "dwarf-with-dsym";
				ENABLE_NS_ASSERTIONS = NO;
				ENABLE_STRICT_OBJC_MSGSEND = YES;
				GCC_C_LANGUAGE_STANDARD = gnu99;
				GCC_NO_COMMON_BLOCKS = YES;
				GCC_WARN_64_TO_32_BIT_CONVERSION = YES;
				GCC_WARN_ABOUT_RETURN_TYPE = YES_ERROR;
				GCC_WARN_UNDECLARED_SELECTOR = YES;
				GCC_WARN_UNINITIALIZED_AUTOS = YES_AGGRESSIVE;
				GCC_WARN_UNUSED_FUNCTION = YES;
				GCC_WARN_UNUSED_VARIABLE = YES;
				IPHONEOS_DEPLOYMENT_TARGET = 9.3;
				MTL_ENABLE_DEBUG_INFO = NO;
				SDKROOT = iphoneos;
				VALIDATE_PRODUCT = YES;
			};
			name = Release;
		};
		747964BE1D7013590007D434 /* Debug */ = {
			isa = XCBuildConfiguration;
			buildSettings = {
				HEADER_SEARCH_PATHS = "$(SRCROOT)/../../react-native/React/**";
				ONLY_ACTIVE_ARCH = NO;
				OTHER_LDFLAGS = "-ObjC";
				PRODUCT_NAME = "$(TARGET_NAME)";
				SKIP_INSTALL = YES;
			};
			name = Debug;
		};
		747964BF1D7013590007D434 /* Release */ = {
			isa = XCBuildConfiguration;
			buildSettings = {
				HEADER_SEARCH_PATHS = "$(SRCROOT)/../../react-native/React/**";
				ONLY_ACTIVE_ARCH = NO;
				OTHER_LDFLAGS = "-ObjC";
				PRODUCT_NAME = "$(TARGET_NAME)";
				SKIP_INSTALL = YES;
			};
			name = Release;
		};
/* End XCBuildConfiguration section */

/* Begin XCConfigurationList section */
		747964AF1D7013590007D434 /* Build configuration list for PBXProject "GATFingerprint" */ = {
			isa = XCConfigurationList;
			buildConfigurations = (
				747964BB1D7013590007D434 /* Debug */,
				747964BC1D7013590007D434 /* Release */,
			);
			defaultConfigurationIsVisible = 0;
			defaultConfigurationName = Release;
		};
		747964BD1D7013590007D434 /* Build configuration list for PBXNativeTarget "GATFingerprint" */ = {
			isa = XCConfigurationList;
			buildConfigurations = (
				747964BE1D7013590007D434 /* Debug */,
				747964BF1D7013590007D434 /* Release */,
			);
			defaultConfigurationIsVisible = 0;
			defaultConfigurationName = Release;
		};
/* End XCConfigurationList section */
	};
	rootObject = 747964AC1D7013590007D434 /* Project object */;
}
